
Microsoft Visual Studio Solution File, Format Version 12.00
# Visual Studio 15
VisualStudioVersion = 15.0.28307.168
MinimumVisualStudioVersion = 10.0.40219.1
Project("{FAE04EC0-301F-11D3-BF4B-00C04F79EFBC}") = "MyNotePadApp", "MyNotePadApp\MyNotePadApp.csproj", "{BA7CDB8D-99E8-453F-A6A3-16257FFB2BA2}"
EndProject
Global
	GlobalSection(SolutionConfigurationPlatforms) = preSolution
		Debug|Any CPU = Debug|Any CPU
		Release|Any CPU = Release|Any CPU
	EndGlobalSection
	GlobalSection(ProjectConfigurationPlatforms) = postSolution
		{BA7CDB8D-99E8-453F-A6A3-16257FFB2BA2}.Debug|Any CPU.ActiveCfg = Debug|Any CPU
		{BA7CDB8D-99E8-453F-A6A3-16257FFB2BA2}.Debug|Any CPU.Build.0 = Debug|Any CPU
		{BA7CDB8D-99E8-453F-A6A3-16257FFB2BA2}.Release|Any CPU.ActiveCfg = Release|Any CPU
		{BA7CDB8D-99E8-453F-A6A3-16257FFB2BA2}.Release|Any CPU.Build.0 = Release|Any CPU
	EndGlobalSection
	GlobalSection(SolutionProperties) = preSolution
		HideSolutionNode = FALSE
	EndGlobalSection
	GlobalSection(ExtensibilityGlobals) = postSolution
		SolutionGuid = {D38CF8CC-9945-49FD-BDFF-FE2430CA6429}
	EndGlobalSection
EndGlobal
